// !$*UTF8*$!
{
	archiveVersion = 1;
	classes = {
	};
	objectVersion = 56;
	objects = {

/* Begin PBXBuildFile section */
		B7A9D0962C2E915B003C6C6B /* AppDelegate.swift in Sources */ = {isa = PBXBuildFile; fileRef = B7A9D0952C2E915B003C6C6B /* AppDelegate.swift */; };
		B7A9D0982C2E915B003C6C6B /* SceneDelegate.swift in Sources */ = {isa = PBXBuildFile; fileRef = B7A9D0972C2E915B003C6C6B /* SceneDelegate.swift */; };
		B7A9D09A2C2E915B003C6C6B /* ViewController.swift in Sources */ = {isa = PBXBuildFile; fileRef = B7A9D0992C2E915B003C6C6B /* ViewController.swift */; };
		B7A9D09D2C2E915B003C6C6B /* Main.storyboard in Resources */ = {isa = PBXBuildFile; fileRef = B7A9D09B2C2E915B003C6C6B /* Main.storyboard */; };
		B7A9D09F2C2E915D003C6C6B /* Assets.xcassets in Resources */ = {isa = PBXBuildFile; fileRef = B7A9D09E2C2E915D003C6C6B /* Assets.xcassets */; };
		B7A9D0A22C2E915D003C6C6B /* LaunchScreen.storyboard in Resources */ = {isa = PBXBuildFile; fileRef = B7A9D0A02C2E915D003C6C6B /* LaunchScreen.storyboard */; };
		B7A9D0AD2C2E915D003C6C6B /* jenkinTurotialTests.swift in Sources */ = {isa = PBXBuildFile; fileRef = B7A9D0AC2C2E915D003C6C6B /* jenkinTurotialTests.swift */; };
		B7A9D0B72C2E915D003C6C6B /* jenkinTurotialUITests.swift in Sources */ = {isa = PBXBuildFile; fileRef = B7A9D0B62C2E915D003C6C6B /* jenkinTurotialUITests.swift */; };
		B7A9D0B92C2E915D003C6C6B /* jenkinTurotialUITestsLaunchTests.swift in Sources */ = {isa = PBXBuildFile; fileRef = B7A9D0B82C2E915D003C6C6B /* jenkinTurotialUITestsLaunchTests.swift */; };
/* End PBXBuildFile section */

/* Begin PBXContainerItemProxy section */
		B7A9D0A92C2E915D003C6C6B /* PBXContainerItemProxy */ = {
			isa = PBXContainerItemProxy;
			containerPortal = B7A9D08A2C2E915B003C6C6B /* Project object */;
			proxyType = 1;
			remoteGlobalIDString = B7A9D0912C2E915B003C6C6B;
			remoteInfo = jenkinTurotial;
		};
		B7A9D0B32C2E915D003C6C6B /* PBXContainerItemProxy */ = {
			isa = PBXContainerItemProxy;
			containerPortal = B7A9D08A2C2E915B003C6C6B /* Project object */;
			proxyType = 1;
			remoteGlobalIDString = B7A9D0912C2E915B003C6C6B;
			remoteInfo = jenkinTurotial;
		};
/* End PBXContainerItemProxy section */

/* Begin PBXFileReference section */
		B7A9D0922C2E915B003C6C6B /* jenkinTurotial.app */ = {isa = PBXFileReference; explicitFileType = wrapper.application; includeInIndex = 0; path = jenkinTurotial.app; sourceTree = BUILT_PRODUCTS_DIR; };
		B7A9D0952C2E915B003C6C6B /* AppDelegate.swift */ = {isa = PBXFileReference; lastKnownFileType = sourcecode.swift; path = AppDelegate.swift; sourceTree = "<group>"; };
		B7A9D0972C2E915B003C6C6B /* SceneDelegate.swift */ = {isa = PBXFileReference; lastKnownFileType = sourcecode.swift; path = SceneDelegate.swift; sourceTree = "<group>"; };
		B7A9D0992C2E915B003C6C6B /* ViewController.swift */ = {isa = PBXFileReference; lastKnownFileType = sourcecode.swift; path = ViewController.swift; sourceTree = "<group>"; };
		B7A9D09C2C2E915B003C6C6B /* Base */ = {isa = PBXFileReference; lastKnownFileType = file.storyboard; name = Base; path = Base.lproj/Main.storyboard; sourceTree = "<group>"; };
		B7A9D09E2C2E915D003C6C6B /* Assets.xcassets */ = {isa = PBXFileReference; lastKnownFileType = folder.assetcatalog; path = Assets.xcassets; sourceTree = "<group>"; };
		B7A9D0A12C2E915D003C6C6B /* Base */ = {isa = PBXFileReference; lastKnownFileType = file.storyboard; name = Base; path = Base.lproj/LaunchScreen.storyboard; sourceTree = "<group>"; };
		B7A9D0A32C2E915D003C6C6B /* Info.plist */ = {isa = PBXFileReference; lastKnownFileType = text.plist.xml; path = Info.plist; sourceTree = "<group>"; };
		B7A9D0A82C2E915D003C6C6B /* jenkinTurotialTests.xctest */ = {isa = PBXFileReference; explicitFileType = wrapper.cfbundle; includeInIndex = 0; path = jenkinTurotialTests.xctest; sourceTree = BUILT_PRODUCTS_DIR; };
		B7A9D0AC2C2E915D003C6C6B /* jenkinTurotialTests.swift */ = {isa = PBXFileReference; lastKnownFileType = sourcecode.swift; path = jenkinTurotialTests.swift; sourceTree = "<group>"; };
		B7A9D0B22C2E915D003C6C6B /* jenkinTurotialUITests.xctest */ = {isa = PBXFileReference; explicitFileType = wrapper.cfbundle; includeInIndex = 0; path = jenkinTurotialUITests.xctest; sourceTree = BUILT_PRODUCTS_DIR; };
		B7A9D0B62C2E915D003C6C6B /* jenkinTurotialUITests.swift */ = {isa = PBXFileReference; lastKnownFileType = sourcecode.swift; path = jenkinTurotialUITests.swift; sourceTree = "<group>"; };
		B7A9D0B82C2E915D003C6C6B /* jenkinTurotialUITestsLaunchTests.swift */ = {isa = PBXFileReference; lastKnownFileType = sourcecode.swift; path = jenkinTurotialUITestsLaunchTests.swift; sourceTree = "<group>"; };
/* End PBXFileReference section */

/* Begin PBXFrameworksBuildPhase section */
		B7A9D08F2C2E915B003C6C6B /* Frameworks */ = {
			isa = PBXFrameworksBuildPhase;
			buildActionMask = 2147483647;
			files = (
			);
			runOnlyForDeploymentPostprocessing = 0;
		};
		B7A9D0A52C2E915D003C6C6B /* Frameworks */ = {
			isa = PBXFrameworksBuildPhase;
			buildActionMask = 2147483647;
			files = (
			);
			runOnlyForDeploymentPostprocessing = 0;
		};
		B7A9D0AF2C2E915D003C6C6B /* Frameworks */ = {
			isa = PBXFrameworksBuildPhase;
			buildActionMask = 2147483647;
			files = (
			);
			runOnlyForDeploymentPostprocessing = 0;
		};
/* End PBXFrameworksBuildPhase section */

/* Begin PBXGroup section */
		B7A9D0892C2E915B003C6C6B = {
			isa = PBXGroup;
			children = (
				B7A9D0942C2E915B003C6C6B /* jenkinTurotial */,
				B7A9D0AB2C2E915D003C6C6B /* jenkinTurotialTests */,
				B7A9D0B52C2E915D003C6C6B /* jenkinTurotialUITests */,
				B7A9D0932C2E915B003C6C6B /* Products */,
			);
			sourceTree = "<group>";
		};
		B7A9D0932C2E915B003C6C6B /* Products */ = {
			isa = PBXGroup;
			children = (
				B7A9D0922C2E915B003C6C6B /* jenkinTurotial.app */,
				B7A9D0A82C2E915D003C6C6B /* jenkinTurotialTests.xctest */,
				B7A9D0B22C2E915D003C6C6B /* jenkinTurotialUITests.xctest */,
			);
			name = Products;
			sourceTree = "<group>";
		};
		B7A9D0942C2E915B003C6C6B /* jenkinTurotial */ = {
			isa = PBXGroup;
			children = (
				B7A9D0952C2E915B003C6C6B /* AppDelegate.swift */,
				B7A9D0972C2E915B003C6C6B /* SceneDelegate.swift */,
				B7A9D0992C2E915B003C6C6B /* ViewController.swift */,
				B7A9D09B2C2E915B003C6C6B /* Main.storyboard */,
				B7A9D09E2C2E915D003C6C6B /* Assets.xcassets */,
				B7A9D0A02C2E915D003C6C6B /* LaunchScreen.storyboard */,
				B7A9D0A32C2E915D003C6C6B /* Info.plist */,
			);
			path = jenkinTurotial;
			sourceTree = "<group>";
		};
		B7A9D0AB2C2E915D003C6C6B /* jenkinTurotialTests */ = {
			isa = PBXGroup;
			children = (
				B7A9D0AC2C2E915D003C6C6B /* jenkinTurotialTests.swift */,
			);
			path = jenkinTurotialTests;
			sourceTree = "<group>";
		};
		B7A9D0B52C2E915D003C6C6B /* jenkinTurotialUITests */ = {
			isa = PBXGroup;
			children = (
				B7A9D0B62C2E915D003C6C6B /* jenkinTurotialUITests.swift */,
				B7A9D0B82C2E915D003C6C6B /* jenkinTurotialUITestsLaunchTests.swift */,
			);
			path = jenkinTurotialUITests;
			sourceTree = "<group>";
		};
/* End PBXGroup section */

/* Begin PBXNativeTarget section */
		B7A9D0912C2E915B003C6C6B /* jenkinTurotial */ = {
			isa = PBXNativeTarget;
			buildConfigurationList = B7A9D0BC2C2E915D003C6C6B /* Build configuration list for PBXNativeTarget "jenkinTurotial" */;
			buildPhases = (
				B7A9D08E2C2E915B003C6C6B /* Sources */,
				B7A9D08F2C2E915B003C6C6B /* Frameworks */,
				B7A9D0902C2E915B003C6C6B /* Resources */,
			);
			buildRules = (
			);
			dependencies = (
			);
			name = jenkinTurotial;
			productName = jenkinTurotial;
			productReference = B7A9D0922C2E915B003C6C6B /* jenkinTurotial.app */;
			productType = "com.apple.product-type.application";
		};
		B7A9D0A72C2E915D003C6C6B /* jenkinTurotialTests */ = {
			isa = PBXNativeTarget;
			buildConfigurationList = B7A9D0BF2C2E915D003C6C6B /* Build configuration list for PBXNativeTarget "jenkinTurotialTests" */;
			buildPhases = (
				B7A9D0A42C2E915D003C6C6B /* Sources */,
				B7A9D0A52C2E915D003C6C6B /* Frameworks */,
				B7A9D0A62C2E915D003C6C6B /* Resources */,
			);
			buildRules = (
			);
			dependencies = (
				B7A9D0AA2C2E915D003C6C6B /* PBXTargetDependency */,
			);
			name = jenkinTurotialTests;
			productName = jenkinTurotialTests;
			productReference = B7A9D0A82C2E915D003C6C6B /* jenkinTurotialTests.xctest */;
			productType = "com.apple.product-type.bundle.unit-test";
		};
		B7A9D0B12C2E915D003C6C6B /* jenkinTurotialUITests */ = {
			isa = PBXNativeTarget;
			buildConfigurationList = B7A9D0C22C2E915D003C6C6B /* Build configuration list for PBXNativeTarget "jenkinTurotialUITests" */;
			buildPhases = (
				B7A9D0AE2C2E915D003C6C6B /* Sources */,
				B7A9D0AF2C2E915D003C6C6B /* Frameworks */,
				B7A9D0B02C2E915D003C6C6B /* Resources */,
			);
			buildRules = (
			);
			dependencies = (
				B7A9D0B42C2E915D003C6C6B /* PBXTargetDependency */,
			);
			name = jenkinTurotialUITests;
			productName = jenkinTurotialUITests;
			productReference = B7A9D0B22C2E915D003C6C6B /* jenkinTurotialUITests.xctest */;
			productType = "com.apple.product-type.bundle.ui-testing";
		};
/* End PBXNativeTarget section */

/* Begin PBXProject section */
		B7A9D08A2C2E915B003C6C6B /* Project object */ = {
			isa = PBXProject;
			attributes = {
				BuildIndependentTargetsInParallel = 1;
				LastSwiftUpdateCheck = 1520;
				LastUpgradeCheck = 1520;
				TargetAttributes = {
					B7A9D0912C2E915B003C6C6B = {
						CreatedOnToolsVersion = 15.2;
					};
					B7A9D0A72C2E915D003C6C6B = {
						CreatedOnToolsVersion = 15.2;
						TestTargetID = B7A9D0912C2E915B003C6C6B;
					};
					B7A9D0B12C2E915D003C6C6B = {
						CreatedOnToolsVersion = 15.2;
						TestTargetID = B7A9D0912C2E915B003C6C6B;
					};
				};
			};
			buildConfigurationList = B7A9D08D2C2E915B003C6C6B /* Build configuration list for PBXProject "jenkinTurotial" */;
			compatibilityVersion = "Xcode 14.0";
			developmentRegion = en;
			hasScannedForEncodings = 0;
			knownRegions = (
				en,
				Base,
			);
			mainGroup = B7A9D0892C2E915B003C6C6B;
			productRefGroup = B7A9D0932C2E915B003C6C6B /* Products */;
			projectDirPath = "";
			projectRoot = "";
			targets = (
				B7A9D0912C2E915B003C6C6B /* jenkinTurotial */,
				B7A9D0A72C2E915D003C6C6B /* jenkinTurotialTests */,
				B7A9D0B12C2E915D003C6C6B /* jenkinTurotialUITests */,
			);
		};
/* End PBXProject section */

/* Begin PBXResourcesBuildPhase section */
		B7A9D0902C2E915B003C6C6B /* Resources */ = {
			isa = PBXResourcesBuildPhase;
			buildActionMask = 2147483647;
			files = (
				B7A9D0A22C2E915D003C6C6B /* LaunchScreen.storyboard in Resources */,
				B7A9D09F2C2E915D003C6C6B /* Assets.xcassets in Resources */,
				B7A9D09D2C2E915B003C6C6B /* Main.storyboard in Resources */,
			);
			runOnlyForDeploymentPostprocessing = 0;
		};
		B7A9D0A62C2E915D003C6C6B /* Resources */ = {
			isa = PBXResourcesBuildPhase;
			buildActionMask = 2147483647;
			files = (
			);
			runOnlyForDeploymentPostprocessing = 0;
		};
		B7A9D0B02C2E915D003C6C6B /* Resources */ = {
			isa = PBXResourcesBuildPhase;
			buildActionMask = 2147483647;
			files = (
			);
			runOnlyForDeploymentPostprocessing = 0;
		};
/* End PBXResourcesBuildPhase section */

/* Begin PBXSourcesBuildPhase section */
		B7A9D08E2C2E915B003C6C6B /* Sources */ = {
			isa = PBXSourcesBuildPhase;
			buildActionMask = 2147483647;
			files = (
				B7A9D09A2C2E915B003C6C6B /* ViewController.swift in Sources */,
				B7A9D0962C2E915B003C6C6B /* AppDelegate.swift in Sources */,
				B7A9D0982C2E915B003C6C6B /* SceneDelegate.swift in Sources */,
			);
			runOnlyForDeploymentPostprocessing = 0;
		};
		B7A9D0A42C2E915D003C6C6B /* Sources */ = {
			isa = PBXSourcesBuildPhase;
			buildActionMask = 2147483647;
			files = (
				B7A9D0AD2C2E915D003C6C6B /* jenkinTurotialTests.swift in Sources */,
			);
			runOnlyForDeploymentPostprocessing = 0;
		};
		B7A9D0AE2C2E915D003C6C6B /* Sources */ = {
			isa = PBXSourcesBuildPhase;
			buildActionMask = 2147483647;
			files = (
				B7A9D0B72C2E915D003C6C6B /* jenkinTurotialUITests.swift in Sources */,
				B7A9D0B92C2E915D003C6C6B /* jenkinTurotialUITestsLaunchTests.swift in Sources */,
			);
			runOnlyForDeploymentPostprocessing = 0;
		};
/* End PBXSourcesBuildPhase section */

/* Begin PBXTargetDependency section */
		B7A9D0AA2C2E915D003C6C6B /* PBXTargetDependency */ = {
			isa = PBXTargetDependency;
			target = B7A9D0912C2E915B003C6C6B /* jenkinTurotial */;
			targetProxy = B7A9D0A92C2E915D003C6C6B /* PBXContainerItemProxy */;
		};
		B7A9D0B42C2E915D003C6C6B /* PBXTargetDependency */ = {
			isa = PBXTargetDependency;
			target = B7A9D0912C2E915B003C6C6B /* jenkinTurotial */;
			targetProxy = B7A9D0B32C2E915D003C6C6B /* PBXContainerItemProxy */;
		};
/* End PBXTargetDependency section */

/* Begin PBXVariantGroup section */
		B7A9D09B2C2E915B003C6C6B /* Main.storyboard */ = {
			isa = PBXVariantGroup;
			children = (
				B7A9D09C2C2E915B003C6C6B /* Base */,
			);
			name = Main.storyboard;
			sourceTree = "<group>";
		};
		B7A9D0A02C2E915D003C6C6B /* LaunchScreen.storyboard */ = {
			isa = PBXVariantGroup;
			children = (
				B7A9D0A12C2E915D003C6C6B /* Base */,
			);
			name = LaunchScreen.storyboard;
			sourceTree = "<group>";
		};
/* End PBXVariantGroup section */

/* Begin XCBuildConfiguration section */
		B7A9D0BA2C2E915D003C6C6B /* Debug */ = {
			isa = XCBuildConfiguration;
			buildSettings = {
				ALWAYS_SEARCH_USER_PATHS = NO;
				ASSETCATALOG_COMPILER_GENERATE_SWIFT_ASSET_SYMBOL_EXTENSIONS = YES;
				CLANG_ANALYZER_NONNULL = YES;
				CLANG_ANALYZER_NUMBER_OBJECT_CONVERSION = YES_AGGRESSIVE;
				CLANG_CXX_LANGUAGE_STANDARD = "gnu++20";
				CLANG_ENABLE_MODULES = YES;
				CLANG_ENABLE_OBJC_ARC = YES;
				CLANG_ENABLE_OBJC_WEAK = YES;
				CLANG_WARN_BLOCK_CAPTURE_AUTORELEASING = YES;
				CLANG_WARN_BOOL_CONVERSION = YES;
				CLANG_WARN_COMMA = YES;
				CLANG_WARN_CONSTANT_CONVERSION = YES;
				CLANG_WARN_DEPRECATED_OBJC_IMPLEMENTATIONS = YES;
				CLANG_WARN_DIRECT_OBJC_ISA_USAGE = YES_ERROR;
				CLANG_WARN_DOCUMENTATION_COMMENTS = YES;
				CLANG_WARN_EMPTY_BODY = YES;
				CLANG_WARN_ENUM_CONVERSION = YES;
				CLANG_WARN_INFINITE_RECURSION = YES;
				CLANG_WARN_INT_CONVERSION = YES;
				CLANG_WARN_NON_LITERAL_NULL_CONVERSION = YES;
				CLANG_WARN_OBJC_IMPLICIT_RETAIN_SELF = YES;
				CLANG_WARN_OBJC_LITERAL_CONVERSION = YES;
				CLANG_WARN_OBJC_ROOT_CLASS = YES_ERROR;
				CLANG_WARN_QUOTED_INCLUDE_IN_FRAMEWORK_HEADER = YES;
				CLANG_WARN_RANGE_LOOP_ANALYSIS = YES;
				CLANG_WARN_STRICT_PROTOTYPES = YES;
				CLANG_WARN_SUSPICIOUS_MOVE = YES;
				CLANG_WARN_UNGUARDED_AVAILABILITY = YES_AGGRESSIVE;
				CLANG_WARN_UNREACHABLE_CODE = YES;
				CLANG_WARN__DUPLICATE_METHOD_MATCH = YES;
				COPY_PHASE_STRIP = NO;
				DEBUG_INFORMATION_FORMAT = dwarf;
				ENABLE_STRICT_OBJC_MSGSEND = YES;
				ENABLE_TESTABILITY = YES;
				ENABLE_USER_SCRIPT_SANDBOXING = YES;
				GCC_C_LANGUAGE_STANDARD = gnu17;
				GCC_DYNAMIC_NO_PIC = NO;
				GCC_NO_COMMON_BLOCKS = YES;
				GCC_OPTIMIZATION_LEVEL = 0;
				GCC_PREPROCESSOR_DEFINITIONS = (
					"DEBUG=1",
					"$(inherited)",
				);
				GCC_WARN_64_TO_32_BIT_CONVERSION = YES;
				GCC_WARN_ABOUT_RETURN_TYPE = YES_ERROR;
				GCC_WARN_UNDECLARED_SELECTOR = YES;
				GCC_WARN_UNINITIALIZED_AUTOS = YES_AGGRESSIVE;
				GCC_WARN_UNUSED_FUNCTION = YES;
				GCC_WARN_UNUSED_VARIABLE = YES;
				IPHONEOS_DEPLOYMENT_TARGET = 17.2;
				LOCALIZATION_PREFERS_STRING_CATALOGS = YES;
				MTL_ENABLE_DEBUG_INFO = INCLUDE_SOURCE;
				MTL_FAST_MATH = YES;
				ONLY_ACTIVE_ARCH = YES;
				SDKROOT = iphoneos;
				SWIFT_ACTIVE_COMPILATION_CONDITIONS = "DEBUG $(inherited)";
				SWIFT_OPTIMIZATION_LEVEL = "-Onone";
			};
			name = Debug;
		};
		B7A9D0BB2C2E915D003C6C6B /* Release */ = {
			isa = XCBuildConfiguration;
			buildSettings = {
				ALWAYS_SEARCH_USER_PATHS = NO;
				ASSETCATALOG_COMPILER_GENERATE_SWIFT_ASSET_SYMBOL_EXTENSIONS = YES;
				CLANG_ANALYZER_NONNULL = YES;
				CLANG_ANALYZER_NUMBER_OBJECT_CONVERSION = YES_AGGRESSIVE;
				CLANG_CXX_LANGUAGE_STANDARD = "gnu++20";
				CLANG_ENABLE_MODULES = YES;
				CLANG_ENABLE_OBJC_ARC = YES;
				CLANG_ENABLE_OBJC_WEAK = YES;
				CLANG_WARN_BLOCK_CAPTURE_AUTORELEASING = YES;
				CLANG_WARN_BOOL_CONVERSION = YES;
				CLANG_WARN_COMMA = YES;
				CLANG_WARN_CONSTANT_CONVERSION = YES;
				CLANG_WARN_DEPRECATED_OBJC_IMPLEMENTATIONS = YES;
				CLANG_WARN_DIRECT_OBJC_ISA_USAGE = YES_ERROR;
				CLANG_WARN_DOCUMENTATION_COMMENTS = YES;
				CLANG_WARN_EMPTY_BODY = YES;
				CLANG_WARN_ENUM_CONVERSION = YES;
				CLANG_WARN_INFINITE_RECURSION = YES;
				CLANG_WARN_INT_CONVERSION = YES;
				CLANG_WARN_NON_LITERAL_NULL_CONVERSION = YES;
				CLANG_WARN_OBJC_IMPLICIT_RETAIN_SELF = YES;
				CLANG_WARN_OBJC_LITERAL_CONVERSION = YES;
				CLANG_WARN_OBJC_ROOT_CLASS = YES_ERROR;
				CLANG_WARN_QUOTED_INCLUDE_IN_FRAMEWORK_HEADER = YES;
				CLANG_WARN_RANGE_LOOP_ANALYSIS = YES;
				CLANG_WARN_STRICT_PROTOTYPES = YES;
				CLANG_WARN_SUSPICIOUS_MOVE = YES;
				CLANG_WARN_UNGUARDED_AVAILABILITY = YES_AGGRESSIVE;
				CLANG_WARN_UNREACHABLE_CODE = YES;
				CLANG_WARN__DUPLICATE_METHOD_MATCH = YES;
				COPY_PHASE_STRIP = NO;
				DEBUG_INFORMATION_FORMAT = "dwarf-with-dsym";
				ENABLE_NS_ASSERTIONS = NO;
				ENABLE_STRICT_OBJC_MSGSEND = YES;
				ENABLE_USER_SCRIPT_SANDBOXING = YES;
				GCC_C_LANGUAGE_STANDARD = gnu17;
				GCC_NO_COMMON_BLOCKS = YES;
				GCC_WARN_64_TO_32_BIT_CONVERSION = YES;
				GCC_WARN_ABOUT_RETURN_TYPE = YES_ERROR;
				GCC_WARN_UNDECLARED_SELECTOR = YES;
				GCC_WARN_UNINITIALIZED_AUTOS = YES_AGGRESSIVE;
				GCC_WARN_UNUSED_FUNCTION = YES;
				GCC_WARN_UNUSED_VARIABLE = YES;
				IPHONEOS_DEPLOYMENT_TARGET = 17.2;
				LOCALIZATION_PREFERS_STRING_CATALOGS = YES;
				MTL_ENABLE_DEBUG_INFO = NO;
				MTL_FAST_MATH = YES;
				SDKROOT = iphoneos;
				SWIFT_COMPILATION_MODE = wholemodule;
				VALIDATE_PRODUCT = YES;
			};
			name = Release;
		};
		B7A9D0BD2C2E915D003C6C6B /* Debug */ = {
			isa = XCBuildConfiguration;
			buildSettings = {
				ASSETCATALOG_COMPILER_APPICON_NAME = AppIcon;
				ASSETCATALOG_COMPILER_GLOBAL_ACCENT_COLOR_NAME = AccentColor;
				CODE_SIGN_STYLE = Automatic;
				CURRENT_PROJECT_VERSION = 1;
				DEVELOPMENT_TEAM = XG375P259F;
				GENERATE_INFOPLIST_FILE = YES;
				INFOPLIST_FILE = jenkinTurotial/Info.plist;
				INFOPLIST_KEY_UIApplicationSupportsIndirectInputEvents = YES;
				INFOPLIST_KEY_UILaunchStoryboardName = LaunchScreen;
				INFOPLIST_KEY_UIMainStoryboardFile = Main;
				INFOPLIST_KEY_UISupportedInterfaceOrientations_iPad = "UIInterfaceOrientationPortrait UIInterfaceOrientationPortraitUpsideDown UIInterfaceOrientationLandscapeLeft UIInterfaceOrientationLandscapeRight";
				INFOPLIST_KEY_UISupportedInterfaceOrientations_iPhone = "UIInterfaceOrientationPortrait UIInterfaceOrientationLandscapeLeft UIInterfaceOrientationLandscapeRight";
				LD_RUNPATH_SEARCH_PATHS = (
					"$(inherited)",
					"@executable_path/Frameworks",
				);
				MARKETING_VERSION = 1.0;
				PRODUCT_BUNDLE_IDENTIFIER = com.pzm.jenkinTurotial;
				PRODUCT_NAME = "$(TARGET_NAME)";
				SWIFT_EMIT_LOC_STRINGS = YES;
				SWIFT_VERSION = 5.0;
				TARGETED_DEVICE_FAMILY = "1,2";
			};
			name = Debug;
		};
		B7A9D0BE2C2E915D003C6C6B /* Release */ = {
			isa = XCBuildConfiguration;
			buildSettings = {
				ASSETCATALOG_COMPILER_APPICON_NAME = AppIcon;
				ASSETCATALOG_COMPILER_GLOBAL_ACCENT_COLOR_NAME = AccentColor;
				CODE_SIGN_STYLE = Automatic;
				CURRENT_PROJECT_VERSION = 1;
				DEVELOPMENT_TEAM = XG375P259F;
				GENERATE_INFOPLIST_FILE = YES;
				INFOPLIST_FILE = jenkinTurotial/Info.plist;
				INFOPLIST_KEY_UIApplicationSupportsIndirectInputEvents = YES;
				INFOPLIST_KEY_UILaunchStoryboardName = LaunchScreen;
				INFOPLIST_KEY_UIMainStoryboardFile = Main;
				INFOPLIST_KEY_UISupportedInterfaceOrientations_iPad = "UIInterfaceOrientationPortrait UIInterfaceOrientationPortraitUpsideDown UIInterfaceOrientationLandscapeLeft UIInterfaceOrientationLandscapeRight";
				INFOPLIST_KEY_UISupportedInterfaceOrientations_iPhone = "UIInterfaceOrientationPortrait UIInterfaceOrientationLandscapeLeft UIInterfaceOrientationLandscapeRight";
				LD_RUNPATH_SEARCH_PATHS = (
					"$(inherited)",
					"@executable_path/Frameworks",
				);
				MARKETING_VERSION = 1.0;
				PRODUCT_BUNDLE_IDENTIFIER = com.pzm.jenkinTurotial;
				PRODUCT_NAME = "$(TARGET_NAME)";
				SWIFT_EMIT_LOC_STRINGS = YES;
				SWIFT_VERSION = 5.0;
				TARGETED_DEVICE_FAMILY = "1,2";
			};
			name = Release;
		};
		B7A9D0C02C2E915D003C6C6B /* Debug */ = {
			isa = XCBuildConfiguration;
			buildSettings = {
				ALWAYS_EMBED_SWIFT_STANDARD_LIBRARIES = YES;
				BUNDLE_LOADER = "$(TEST_HOST)";
				CODE_SIGN_STYLE = Automatic;
				CURRENT_PROJECT_VERSION = 1;
				GENERATE_INFOPLIST_FILE = YES;
				IPHONEOS_DEPLOYMENT_TARGET = 17.2;
				MARKETING_VERSION = 1.0;
				PRODUCT_BUNDLE_IDENTIFIER = com.pzm.jenkinTurotialTests;
				PRODUCT_NAME = "$(TARGET_NAME)";
				SWIFT_EMIT_LOC_STRINGS = NO;
				SWIFT_VERSION = 5.0;
				TARGETED_DEVICE_FAMILY = "1,2";
				TEST_HOST = "$(BUILT_PRODUCTS_DIR)/jenkinTurotial.app/$(BUNDLE_EXECUTABLE_FOLDER_PATH)/jenkinTurotial";
			};
			name = Debug;
		};
		B7A9D0C12C2E915D003C6C6B /* Release */ = {
			isa = XCBuildConfiguration;
			buildSettings = {
				ALWAYS_EMBED_SWIFT_STANDARD_LIBRARIES = YES;
				BUNDLE_LOADER = "$(TEST_HOST)";
				CODE_SIGN_STYLE = Automatic;
				CURRENT_PROJECT_VERSION = 1;
				GENERATE_INFOPLIST_FILE = YES;
				IPHONEOS_DEPLOYMENT_TARGET = 17.2;
				MARKETING_VERSION = 1.0;
				PRODUCT_BUNDLE_IDENTIFIER = com.pzm.jenkinTurotialTests;
				PRODUCT_NAME = "$(TARGET_NAME)";
				SWIFT_EMIT_LOC_STRINGS = NO;
				SWIFT_VERSION = 5.0;
				TARGETED_DEVICE_FAMILY = "1,2";
				TEST_HOST = "$(BUILT_PRODUCTS_DIR)/jenkinTurotial.app/$(BUNDLE_EXECUTABLE_FOLDER_PATH)/jenkinTurotial";
			};
			name = Release;
		};
		B7A9D0C32C2E915D003C6C6B /* Debug */ = {
			isa = XCBuildConfiguration;
			buildSettings = {
				ALWAYS_EMBED_SWIFT_STANDARD_LIBRARIES = YES;
				CODE_SIGN_STYLE = Automatic;
				CURRENT_PROJECT_VERSION = 1;
				GENERATE_INFOPLIST_FILE = YES;
				MARKETING_VERSION = 1.0;
				PRODUCT_BUNDLE_IDENTIFIER = com.pzm.jenkinTurotialUITests;
				PRODUCT_NAME = "$(TARGET_NAME)";
				SWIFT_EMIT_LOC_STRINGS = NO;
				SWIFT_VERSION = 5.0;
				TARGETED_DEVICE_FAMILY = "1,2";
				TEST_TARGET_NAME = jenkinTurotial;
			};
			name = Debug;
		};
		B7A9D0C42C2E915D003C6C6B /* Release */ = {
			isa = XCBuildConfiguration;
			buildSettings = {
				ALWAYS_EMBED_SWIFT_STANDARD_LIBRARIES = YES;
				CODE_SIGN_STYLE = Automatic;
				CURRENT_PROJECT_VERSION = 1;
				GENERATE_INFOPLIST_FILE = YES;
				MARKETING_VERSION = 1.0;
				PRODUCT_BUNDLE_IDENTIFIER = com.pzm.jenkinTurotialUITests;
				PRODUCT_NAME = "$(TARGET_NAME)";
				SWIFT_EMIT_LOC_STRINGS = NO;
				SWIFT_VERSION = 5.0;
				TARGETED_DEVICE_FAMILY = "1,2";
				TEST_TARGET_NAME = jenkinTurotial;
			};
			name = Release;
		};
/* End XCBuildConfiguration section */

/* Begin XCConfigurationList section */
		B7A9D08D2C2E915B003C6C6B /* Build configuration list for PBXProject "jenkinTurotial" */ = {
			isa = XCConfigurationList;
			buildConfigurations = (
				B7A9D0BA2C2E915D003C6C6B /* Debug */,
				B7A9D0BB2C2E915D003C6C6B /* Release */,
			);
			defaultConfigurationIsVisible = 0;
			defaultConfigurationName = Release;
		};
		B7A9D0BC2C2E915D003C6C6B /* Build configuration list for PBXNativeTarget "jenkinTurotial" */ = {
			isa = XCConfigurationList;
			buildConfigurations = (
				B7A9D0BD2C2E915D003C6C6B /* Debug */,
				B7A9D0BE2C2E915D003C6C6B /* Release */,
			);
			defaultConfigurationIsVisible = 0;
			defaultConfigurationName = Release;
		};
		B7A9D0BF2C2E915D003C6C6B /* Build configuration list for PBXNativeTarget "jenkinTurotialTests" */ = {
			isa = XCConfigurationList;
			buildConfigurations = (
				B7A9D0C02C2E915D003C6C6B /* Debug */,
				B7A9D0C12C2E915D003C6C6B /* Release */,
			);
			defaultConfigurationIsVisible = 0;
			defaultConfigurationName = Release;
		};
		B7A9D0C22C2E915D003C6C6B /* Build configuration list for PBXNativeTarget "jenkinTurotialUITests" */ = {
			isa = XCConfigurationList;
			buildConfigurations = (
				B7A9D0C32C2E915D003C6C6B /* Debug */,
				B7A9D0C42C2E915D003C6C6B /* Release */,
			);
			defaultConfigurationIsVisible = 0;
			defaultConfigurationName = Release;
		};
/* End XCConfigurationList section */
	};
	rootObject = B7A9D08A2C2E915B003C6C6B /* Project object */;
}
